{
  "name": "vue-live",
  "lockfileVersion": 2,
  "requires": true,
  "packages": {
    "": {
      "dependencies": {
        "vue": "^2.6.14",
        "vue-router": "^4.0.12"
      }
    },
    "node_modules/@vue/devtools-api": {
      "version": "6.0.0-beta.20.1",
      "resolved": "https://registry.npmjs.org/@vue/devtools-api/-/devtools-api-6.0.0-beta.20.1.tgz",
      "integrity": "sha512-R2rfiRY+kZugzWh9ZyITaovx+jpU4vgivAEAiz80kvh3yviiTU3CBuGuyWpSwGz9/C7TkSWVM/FtQRGlZ16n8Q=="
    },
    "node_modules/vue": {
      "version": "2.6.14",
      "resolved": "https://registry.npmjs.org/vue/-/vue-2.6.14.tgz",
      "integrity": "sha512-x2284lgYvjOMj3Za7kqzRcUSxBboHqtgRE2zlos1qWaOye5yUmHn42LB1250NJBLRwEcdrB0JRwyPTEPhfQjiQ=="
    },
    "node_modules/vue-router": {
      "version": "4.0.12",
      "resolved": "https://registry.npmjs.org/vue-router/-/vue-router-4.0.12.tgz",
      "integrity": "sha512-CPXvfqe+mZLB1kBWssssTiWg4EQERyqJZes7USiqfW9B5N2x+nHlnsM1D3b5CaJ6qgCvMmYJnz+G0iWjNCvXrg==",
      "dependencies": {
        "@vue/devtools-api": "^6.0.0-beta.18"
      },
      "peerDependencies": {
        "vue": "^3.0.0"
      }
    }
  },
  "dependencies": {
    "@vue/devtools-api": {
      "version": "6.0.0-beta.20.1",
      "resolved": "https://registry.npmjs.org/@vue/devtools-api/-/devtools-api-6.0.0-beta.20.1.tgz",
      "integrity": "sha512-R2rfiRY+kZugzWh9ZyITaovx+jpU4vgivAEAiz80kvh3yviiTU3CBuGuyWpSwGz9/C7TkSWVM/FtQRGlZ16n8Q=="
    },
    "vue": {
      "version": "2.6.14",
      "resolved": "https://registry.npmjs.org/vue/-/vue-2.6.14.tgz",
      "integrity": "sha512-x2284lgYvjOMj3Za7kqzRcUSxBboHqtgRE2zlos1qWaOye5yUmHn42LB1250NJBLRwEcdrB0JRwyPTEPhfQjiQ=="
    },
    "vue-router": {
      "version": "4.0.12",
      "resolved": "https://registry.npmjs.org/vue-router/-/vue-router-4.0.12.tgz",
      "integrity": "sha512-CPXvfqe+mZLB1kBWssssTiWg4EQERyqJZes7USiqfW9B5N2x+nHlnsM1D3b5CaJ6qgCvMmYJnz+G0iWjNCvXrg==",
      "requires": {
        "@vue/devtools-api": "^6.0.0-beta.18"
      }
    }
  }
}
